
Microsoft Visual Studio Solution File, Format Version 12.00
# Visual Studio Version 17
VisualStudioVersion = 17.6.33723.286
MinimumVisualStudioVersion = 10.0.40219.1
Project("{9A19103F-16F7-4668-BE54-9A1E7A4F7556}") = "Enderlook.Delegates", "Enderlook.Delegates\Enderlook.Delegates.csproj", "{FB135D0C-6F99-4C74-98FE-22599F7239A9}"
EndProject
Global
	GlobalSection(SolutionConfigurationPlatforms) = preSolution
		Debug|Any CPU = Debug|Any CPU
		Release|Any CPU = Release|Any CPU
	EndGlobalSection
	GlobalSection(ProjectConfigurationPlatforms) = postSolution
		{FB135D0C-6F99-4C74-98FE-22599F7239A9}.Debug|Any CPU.ActiveCfg = Debug|Any CPU
		{FB135D0C-6F99-4C74-98FE-22599F7239A9}.Debug|Any CPU.Build.0 = Debug|Any CPU
		{FB135D0C-6F99-4C74-98FE-22599F7239A9}.Release|Any CPU.ActiveCfg = Release|Any CPU
		{FB135D0C-6F99-4C74-98FE-22599F7239A9}.Release|Any CPU.Build.0 = Release|Any CPU
	EndGlobalSection
	GlobalSection(SolutionProperties) = preSolution
		HideSolutionNode = FALSE
	EndGlobalSection
	GlobalSection(ExtensibilityGlobals) = postSolution
		SolutionGuid = {BC0770E3-AEDE-42DA-82BA-B14A924D16CD}
	EndGlobalSection
EndGlobal
